
Microsoft Visual Studio Solution File, Format Version 12.00
# Visual Studio Version 17
VisualStudioVersion = 17.8.34309.116
MinimumVisualStudioVersion = 10.0.40219.1
Project("{FAE04EC0-301F-11D3-BF4B-00C04F79EFBC}") = "FidoWebApp", "FidoWebApp.csproj", "{6E41D425-7150-4676-9054-3CDE63C969A8}"
EndProject
Global
	GlobalSection(SolutionConfigurationPlatforms) = preSolution
		Debug|Any CPU = Debug|Any CPU
		Release|Any CPU = Release|Any CPU
	EndGlobalSection
	GlobalSection(ProjectConfigurationPlatforms) = postSolution
		{6E41D425-7150-4676-9054-3CDE63C969A8}.Debug|Any CPU.ActiveCfg = Debug|Any CPU
		{6E41D425-7150-4676-9054-3CDE63C969A8}.Debug|Any CPU.Build.0 = Debug|Any CPU
		{6E41D425-7150-4676-9054-3CDE63C969A8}.Release|Any CPU.ActiveCfg = Release|Any CPU
		{6E41D425-7150-4676-9054-3CDE63C969A8}.Release|Any CPU.Build.0 = Release|Any CPU
	EndGlobalSection
	GlobalSection(SolutionProperties) = preSolution
		HideSolutionNode = FALSE
	EndGlobalSection
	GlobalSection(ExtensibilityGlobals) = postSolution
		SolutionGuid = {1EBA9514-0783-4147-A263-EC92DA8C9190}
	EndGlobalSection
EndGlobal
